// !$*UTF8*$!
{
	archiveVersion = 1;
	classes = {
	};
	objectVersion = 46;
	objects = {

/* Begin PBXBuildFile section */
		234311A51AC794B000A7B570 /* main.m in Sources */ = {isa = PBXBuildFile; fileRef = 234311A41AC794B000A7B570 /* main.m */; };
		234311A81AC794B000A7B570 /* AppDelegate.m in Sources */ = {isa = PBXBuildFile; fileRef = 234311A71AC794B000A7B570 /* AppDelegate.m */; };
		234311AA1AC794B000A7B570 /* Images.xcassets in Resources */ = {isa = PBXBuildFile; fileRef = 234311A91AC794B000A7B570 /* Images.xcassets */; };
		234311AD1AC794B000A7B570 /* MainMenu.xib in Resources */ = {isa = PBXBuildFile; fileRef = 234311AB1AC794B000A7B570 /* MainMenu.xib */; };
		234311B91AC794B000A7B570 /* PersistTests.m in Sources */ = {isa = PBXBuildFile; fileRef = 234311B81AC794B000A7B570 /* PersistTests.m */; };
		234311C61AC7A48300A7B570 /* Pic.m in Sources */ = {isa = PBXBuildFile; fileRef = 234311C51AC7A48300A7B570 /* Pic.m */; };
		234311C91AC7A91500A7B570 /* Img.m in Sources */ = {isa = PBXBuildFile; fileRef = 234311C81AC7A91500A7B570 /* Img.m */; };
		235829A71AC8A78000FC6632 /* p-icon@2x.png in Resources */ = {isa = PBXBuildFile; fileRef = 235829A61AC8A78000FC6632 /* p-icon@2x.png */; };
		235829A91AC8A90200FC6632 /* p-icon.png in Resources */ = {isa = PBXBuildFile; fileRef = 235829A81AC8A90200FC6632 /* p-icon.png */; };
		235829AB1AC8C24E00FC6632 /* readme.md in Sources */ = {isa = PBXBuildFile; fileRef = 235829AA1AC8C24E00FC6632 /* readme.md */; };
/* End PBXBuildFile section */

/* Begin PBXContainerItemProxy section */
		234311B31AC794B000A7B570 /* PBXContainerItemProxy */ = {
			isa = PBXContainerItemProxy;
			containerPortal = 234311971AC794B000A7B570 /* Project object */;
			proxyType = 1;
			remoteGlobalIDString = 2343119E1AC794B000A7B570;
			remoteInfo = Persist;
		};
/* End PBXContainerItemProxy section */

/* Begin PBXFileReference section */
		2343119F1AC794B000A7B570 /* Persist.app */ = {isa = PBXFileReference; explicitFileType = wrapper.application; includeInIndex = 0; path = Persist.app; sourceTree = BUILT_PRODUCTS_DIR; };
		234311A31AC794B000A7B570 /* Info.plist */ = {isa = PBXFileReference; lastKnownFileType = text.plist.xml; path = Info.plist; sourceTree = "<group>"; };
		234311A41AC794B000A7B570 /* main.m */ = {isa = PBXFileReference; lastKnownFileType = sourcecode.c.objc; path = main.m; sourceTree = "<group>"; };
		234311A61AC794B000A7B570 /* AppDelegate.h */ = {isa = PBXFileReference; lastKnownFileType = sourcecode.c.h; path = AppDelegate.h; sourceTree = "<group>"; };
		234311A71AC794B000A7B570 /* AppDelegate.m */ = {isa = PBXFileReference; lastKnownFileType = sourcecode.c.objc; path = AppDelegate.m; sourceTree = "<group>"; };
		234311A91AC794B000A7B570 /* Images.xcassets */ = {isa = PBXFileReference; lastKnownFileType = folder.assetcatalog; path = Images.xcassets; sourceTree = "<group>"; };
		234311AC1AC794B000A7B570 /* Base */ = {isa = PBXFileReference; lastKnownFileType = file.xib; name = Base; path = Base.lproj/MainMenu.xib; sourceTree = "<group>"; };
		234311B21AC794B000A7B570 /* PersistTests.xctest */ = {isa = PBXFileReference; explicitFileType = wrapper.cfbundle; includeInIndex = 0; path = PersistTests.xctest; sourceTree = BUILT_PRODUCTS_DIR; };
		234311B71AC794B000A7B570 /* Info.plist */ = {isa = PBXFileReference; lastKnownFileType = text.plist.xml; path = Info.plist; sourceTree = "<group>"; };
		234311B81AC794B000A7B570 /* PersistTests.m */ = {isa = PBXFileReference; lastKnownFileType = sourcecode.c.objc; path = PersistTests.m; sourceTree = "<group>"; };
		234311C41AC7A48300A7B570 /* Pic.h */ = {isa = PBXFileReference; fileEncoding = 4; lastKnownFileType = sourcecode.c.h; path = Pic.h; sourceTree = "<group>"; };
		234311C51AC7A48300A7B570 /* Pic.m */ = {isa = PBXFileReference; fileEncoding = 4; lastKnownFileType = sourcecode.c.objc; path = Pic.m; sourceTree = "<group>"; };
		234311C71AC7A91500A7B570 /* Img.h */ = {isa = PBXFileReference; fileEncoding = 4; lastKnownFileType = sourcecode.c.h; path = Img.h; sourceTree = "<group>"; };
		234311C81AC7A91500A7B570 /* Img.m */ = {isa = PBXFileReference; fileEncoding = 4; lastKnownFileType = sourcecode.c.objc; path = Img.m; sourceTree = "<group>"; };
		235829A61AC8A78000FC6632 /* p-icon@2x.png */ = {isa = PBXFileReference; explicitFileType = image.png; path = "p-icon@2x.png"; sourceTree = "<group>"; };
		235829A81AC8A90200FC6632 /* p-icon.png */ = {isa = PBXFileReference; lastKnownFileType = image.png; path = "p-icon.png"; sourceTree = "<group>"; };
		235829AA1AC8C24E00FC6632 /* readme.md */ = {isa = PBXFileReference; fileEncoding = 4; lastKnownFileType = net.daringfireball.markdown; path = readme.md; sourceTree = SOURCE_ROOT; };
/* End PBXFileReference section */

/* Begin PBXFrameworksBuildPhase section */
		2343119C1AC794B000A7B570 /* Frameworks */ = {
			isa = PBXFrameworksBuildPhase;
			buildActionMask = 2147483647;
			files = (
			);
			runOnlyForDeploymentPostprocessing = 0;
		};
		234311AF1AC794B000A7B570 /* Frameworks */ = {
			isa = PBXFrameworksBuildPhase;
			buildActionMask = 2147483647;
			files = (
			);
			runOnlyForDeploymentPostprocessing = 0;
		};
/* End PBXFrameworksBuildPhase section */

/* Begin PBXGroup section */
		234311961AC794B000A7B570 = {
			isa = PBXGroup;
			children = (
				234311A11AC794B000A7B570 /* Persist */,
				234311B51AC794B000A7B570 /* PersistTests */,
				234311A01AC794B000A7B570 /* Products */,
			);
			sourceTree = "<group>";
		};
		234311A01AC794B000A7B570 /* Products */ = {
			isa = PBXGroup;
			children = (
				2343119F1AC794B000A7B570 /* Persist.app */,
				234311B21AC794B000A7B570 /* PersistTests.xctest */,
			);
			name = Products;
			sourceTree = "<group>";
		};
		234311A11AC794B000A7B570 /* Persist */ = {
			isa = PBXGroup;
			children = (
				234311A61AC794B000A7B570 /* AppDelegate.h */,
				234311A71AC794B000A7B570 /* AppDelegate.m */,
				234311A91AC794B000A7B570 /* Images.xcassets */,
				234311AB1AC794B000A7B570 /* MainMenu.xib */,
				234311A21AC794B000A7B570 /* Supporting Files */,
				234311C41AC7A48300A7B570 /* Pic.h */,
				234311C51AC7A48300A7B570 /* Pic.m */,
				234311C71AC7A91500A7B570 /* Img.h */,
				234311C81AC7A91500A7B570 /* Img.m */,
				235829AA1AC8C24E00FC6632 /* readme.md */,
			);
			path = Persist;
			sourceTree = "<group>";
		};
		234311A21AC794B000A7B570 /* Supporting Files */ = {
			isa = PBXGroup;
			children = (
				235829A81AC8A90200FC6632 /* p-icon.png */,
				235829A61AC8A78000FC6632 /* p-icon@2x.png */,
				234311A31AC794B000A7B570 /* Info.plist */,
				234311A41AC794B000A7B570 /* main.m */,
			);
			name = "Supporting Files";
			sourceTree = "<group>";
		};
		234311B51AC794B000A7B570 /* PersistTests */ = {
			isa = PBXGroup;
			children = (
				234311B81AC794B000A7B570 /* PersistTests.m */,
				234311B61AC794B000A7B570 /* Supporting Files */,
			);
			path = PersistTests;
			sourceTree = "<group>";
		};
		234311B61AC794B000A7B570 /* Supporting Files */ = {
			isa = PBXGroup;
			children = (
				234311B71AC794B000A7B570 /* Info.plist */,
			);
			name = "Supporting Files";
			sourceTree = "<group>";
		};
/* End PBXGroup section */

/* Begin PBXNativeTarget section */
		2343119E1AC794B000A7B570 /* Persist */ = {
			isa = PBXNativeTarget;
			buildConfigurationList = 234311BC1AC794B000A7B570 /* Build configuration list for PBXNativeTarget "Persist" */;
			buildPhases = (
				2343119B1AC794B000A7B570 /* Sources */,
				2343119C1AC794B000A7B570 /* Frameworks */,
				2343119D1AC794B000A7B570 /* Resources */,
			);
			buildRules = (
			);
			dependencies = (
			);
			name = Persist;
			productName = Persist;
			productReference = 2343119F1AC794B000A7B570 /* Persist.app */;
			productType = "com.apple.product-type.application";
		};
		234311B11AC794B000A7B570 /* PersistTests */ = {
			isa = PBXNativeTarget;
			buildConfigurationList = 234311BF1AC794B000A7B570 /* Build configuration list for PBXNativeTarget "PersistTests" */;
			buildPhases = (
				234311AE1AC794B000A7B570 /* Sources */,
				234311AF1AC794B000A7B570 /* Frameworks */,
				234311B01AC794B000A7B570 /* Resources */,
			);
			buildRules = (
			);
			dependencies = (
				234311B41AC794B000A7B570 /* PBXTargetDependency */,
			);
			name = PersistTests;
			productName = PersistTests;
			productReference = 234311B21AC794B000A7B570 /* PersistTests.xctest */;
			productType = "com.apple.product-type.bundle.unit-test";
		};
/* End PBXNativeTarget section */

/* Begin PBXProject section */
		234311971AC794B000A7B570 /* Project object */ = {
			isa = PBXProject;
			attributes = {
				LastUpgradeCheck = 0600;
				TargetAttributes = {
					2343119E1AC794B000A7B570 = {
						CreatedOnToolsVersion = 6.0.1;
					};
					234311B11AC794B000A7B570 = {
						CreatedOnToolsVersion = 6.0.1;
						TestTargetID = 2343119E1AC794B000A7B570;
					};
				};
			};
			buildConfigurationList = 2343119A1AC794B000A7B570 /* Build configuration list for PBXProject "Persist" */;
			compatibilityVersion = "Xcode 3.2";
			developmentRegion = English;
			hasScannedForEncodings = 0;
			knownRegions = (
				en,
				Base,
			);
			mainGroup = 234311961AC794B000A7B570;
			productRefGroup = 234311A01AC794B000A7B570 /* Products */;
			projectDirPath = "";
			projectRoot = "";
			targets = (
				2343119E1AC794B000A7B570 /* Persist */,
				234311B11AC794B000A7B570 /* PersistTests */,
			);
		};
/* End PBXProject section */

/* Begin PBXResourcesBuildPhase section */
		2343119D1AC794B000A7B570 /* Resources */ = {
			isa = PBXResourcesBuildPhase;
			buildActionMask = 2147483647;
			files = (
				234311AA1AC794B000A7B570 /* Images.xcassets in Resources */,
				234311AD1AC794B000A7B570 /* MainMenu.xib in Resources */,
				235829A71AC8A78000FC6632 /* p-icon@2x.png in Resources */,
				235829A91AC8A90200FC6632 /* p-icon.png in Resources */,
			);
			runOnlyForDeploymentPostprocessing = 0;
		};
		234311B01AC794B000A7B570 /* Resources */ = {
			isa = PBXResourcesBuildPhase;
			buildActionMask = 2147483647;
			files = (
			);
			runOnlyForDeploymentPostprocessing = 0;
		};
/* End PBXResourcesBuildPhase section */

/* Begin PBXSourcesBuildPhase section */
		2343119B1AC794B000A7B570 /* Sources */ = {
			isa = PBXSourcesBuildPhase;
			buildActionMask = 2147483647;
			files = (
				234311C61AC7A48300A7B570 /* Pic.m in Sources */,
				234311C91AC7A91500A7B570 /* Img.m in Sources */,
				234311A81AC794B000A7B570 /* AppDelegate.m in Sources */,
				235829AB1AC8C24E00FC6632 /* readme.md in Sources */,
				234311A51AC794B000A7B570 /* main.m in Sources */,
			);
			runOnlyForDeploymentPostprocessing = 0;
		};
		234311AE1AC794B000A7B570 /* Sources */ = {
			isa = PBXSourcesBuildPhase;
			buildActionMask = 2147483647;
			files = (
				234311B91AC794B000A7B570 /* PersistTests.m in Sources */,
			);
			runOnlyForDeploymentPostprocessing = 0;
		};
/* End PBXSourcesBuildPhase section */

/* Begin PBXTargetDependency section */
		234311B41AC794B000A7B570 /* PBXTargetDependency */ = {
			isa = PBXTargetDependency;
			target = 2343119E1AC794B000A7B570 /* Persist */;
			targetProxy = 234311B31AC794B000A7B570 /* PBXContainerItemProxy */;
		};
/* End PBXTargetDependency section */

/* Begin PBXVariantGroup section */
		234311AB1AC794B000A7B570 /* MainMenu.xib */ = {
			isa = PBXVariantGroup;
			children = (
				234311AC1AC794B000A7B570 /* Base */,
			);
			name = MainMenu.xib;
			sourceTree = "<group>";
		};
/* End PBXVariantGroup section */

/* Begin XCBuildConfiguration section */
		234311BA1AC794B000A7B570 /* Debug */ = {
			isa = XCBuildConfiguration;
			buildSettings = {
				ALWAYS_SEARCH_USER_PATHS = NO;
				CLANG_CXX_LANGUAGE_STANDARD = "gnu++0x";
				CLANG_CXX_LIBRARY = "libc++";
				CLANG_ENABLE_MODULES = YES;
				CLANG_ENABLE_OBJC_ARC = YES;
				CLANG_WARN_BOOL_CONVERSION = YES;
				CLANG_WARN_CONSTANT_CONVERSION = YES;
				CLANG_WARN_DIRECT_OBJC_ISA_USAGE = YES_ERROR;
				CLANG_WARN_EMPTY_BODY = YES;
				CLANG_WARN_ENUM_CONVERSION = YES;
				CLANG_WARN_INT_CONVERSION = YES;
				CLANG_WARN_OBJC_ROOT_CLASS = YES_ERROR;
				CLANG_WARN_UNREACHABLE_CODE = YES;
				CLANG_WARN__DUPLICATE_METHOD_MATCH = YES;
				CODE_SIGN_IDENTITY = "-";
				COPY_PHASE_STRIP = NO;
				ENABLE_STRICT_OBJC_MSGSEND = YES;
				GCC_C_LANGUAGE_STANDARD = gnu99;
				GCC_DYNAMIC_NO_PIC = NO;
				GCC_OPTIMIZATION_LEVEL = 0;
				GCC_PREPROCESSOR_DEFINITIONS = (
					"DEBUG=1",
					"$(inherited)",
				);
				GCC_SYMBOLS_PRIVATE_EXTERN = NO;
				GCC_WARN_64_TO_32_BIT_CONVERSION = YES;
				GCC_WARN_ABOUT_RETURN_TYPE = YES_ERROR;
				GCC_WARN_UNDECLARED_SELECTOR = YES;
				GCC_WARN_UNINITIALIZED_AUTOS = YES_AGGRESSIVE;
				GCC_WARN_UNUSED_FUNCTION = YES;
				GCC_WARN_UNUSED_VARIABLE = YES;
				MACOSX_DEPLOYMENT_TARGET = 10.9;
				MTL_ENABLE_DEBUG_INFO = YES;
				ONLY_ACTIVE_ARCH = YES;
				SDKROOT = macosx;
			};
			name = Debug;
		};
		234311BB1AC794B000A7B570 /* Release */ = {
			isa = XCBuildConfiguration;
			buildSettings = {
				ALWAYS_SEARCH_USER_PATHS = NO;
				CLANG_CXX_LANGUAGE_STANDARD = "gnu++0x";
				CLANG_CXX_LIBRARY = "libc++";
				CLANG_ENABLE_MODULES = YES;
				CLANG_ENABLE_OBJC_ARC = YES;
				CLANG_WARN_BOOL_CONVERSION = YES;
				CLANG_WARN_CONSTANT_CONVERSION = YES;
				CLANG_WARN_DIRECT_OBJC_ISA_USAGE = YES_ERROR;
				CLANG_WARN_EMPTY_BODY = YES;
				CLANG_WARN_ENUM_CONVERSION = YES;
				CLANG_WARN_INT_CONVERSION = YES;
				CLANG_WARN_OBJC_ROOT_CLASS = YES_ERROR;
				CLANG_WARN_UNREACHABLE_CODE = YES;
				CLANG_WARN__DUPLICATE_METHOD_MATCH = YES;
				CODE_SIGN_IDENTITY = "-";
				COPY_PHASE_STRIP = YES;
				DEBUG_INFORMATION_FORMAT = "dwarf-with-dsym";
				ENABLE_NS_ASSERTIONS = NO;
				ENABLE_STRICT_OBJC_MSGSEND = YES;
				GCC_C_LANGUAGE_STANDARD = gnu99;
				GCC_WARN_64_TO_32_BIT_CONVERSION = YES;
				GCC_WARN_ABOUT_RETURN_TYPE = YES_ERROR;
				GCC_WARN_UNDECLARED_SELECTOR = YES;
				GCC_WARN_UNINITIALIZED_AUTOS = YES_AGGRESSIVE;
				GCC_WARN_UNUSED_FUNCTION = YES;
				GCC_WARN_UNUSED_VARIABLE = YES;
				MACOSX_DEPLOYMENT_TARGET = 10.9;
				MTL_ENABLE_DEBUG_INFO = NO;
				SDKROOT = macosx;
			};
			name = Release;
		};
		234311BD1AC794B000A7B570 /* Debug */ = {
			isa = XCBuildConfiguration;
			buildSettings = {
				ASSETCATALOG_COMPILER_APPICON_NAME = AppIcon;
				COMBINE_HIDPI_IMAGES = YES;
				INFOPLIST_FILE = Persist/Info.plist;
				LD_RUNPATH_SEARCH_PATHS = "$(inherited) @executable_path/../Frameworks";
				PRODUCT_NAME = "$(TARGET_NAME)";
			};
			name = Debug;
		};
		234311BE1AC794B000A7B570 /* Release */ = {
			isa = XCBuildConfiguration;
			buildSettings = {
				ASSETCATALOG_COMPILER_APPICON_NAME = AppIcon;
				COMBINE_HIDPI_IMAGES = YES;
				INFOPLIST_FILE = Persist/Info.plist;
				LD_RUNPATH_SEARCH_PATHS = "$(inherited) @executable_path/../Frameworks";
				PRODUCT_NAME = "$(TARGET_NAME)";
			};
			name = Release;
		};
		234311C01AC794B000A7B570 /* Debug */ = {
			isa = XCBuildConfiguration;
			buildSettings = {
				BUNDLE_LOADER = "$(TEST_HOST)";
				COMBINE_HIDPI_IMAGES = YES;
				FRAMEWORK_SEARCH_PATHS = (
					"$(DEVELOPER_FRAMEWORKS_DIR)",
					"$(inherited)",
				);
				GCC_PREPROCESSOR_DEFINITIONS = (
					"DEBUG=1",
					"$(inherited)",
				);
				INFOPLIST_FILE = PersistTests/Info.plist;
				LD_RUNPATH_SEARCH_PATHS = "$(inherited) @executable_path/../Frameworks @loader_path/../Frameworks";
				PRODUCT_NAME = "$(TARGET_NAME)";
				TEST_HOST = "$(BUILT_PRODUCTS_DIR)/Persist.app/Contents/MacOS/Persist";
			};
			name = Debug;
		};
		234311C11AC794B000A7B570 /* Release */ = {
			isa = XCBuildConfiguration;
			buildSettings = {
				BUNDLE_LOADER = "$(TEST_HOST)";
				COMBINE_HIDPI_IMAGES = YES;
				FRAMEWORK_SEARCH_PATHS = (
					"$(DEVELOPER_FRAMEWORKS_DIR)",
					"$(inherited)",
				);
				INFOPLIST_FILE = PersistTests/Info.plist;
				LD_RUNPATH_SEARCH_PATHS = "$(inherited) @executable_path/../Frameworks @loader_path/../Frameworks";
				PRODUCT_NAME = "$(TARGET_NAME)";
				TEST_HOST = "$(BUILT_PRODUCTS_DIR)/Persist.app/Contents/MacOS/Persist";
			};
			name = Release;
		};
/* End XCBuildConfiguration section */

/* Begin XCConfigurationList section */
		2343119A1AC794B000A7B570 /* Build configuration list for PBXProject "Persist" */ = {
			isa = XCConfigurationList;
			buildConfigurations = (
				234311BA1AC794B000A7B570 /* Debug */,
				234311BB1AC794B000A7B570 /* Release */,
			);
			defaultConfigurationIsVisible = 0;
			defaultConfigurationName = Release;
		};
		234311BC1AC794B000A7B570 /* Build configuration list for PBXNativeTarget "Persist" */ = {
			isa = XCConfigurationList;
			buildConfigurations = (
				234311BD1AC794B000A7B570 /* Debug */,
				234311BE1AC794B000A7B570 /* Release */,
			);
			defaultConfigurationIsVisible = 0;
			defaultConfigurationName = Release;
		};
		234311BF1AC794B000A7B570 /* Build configuration list for PBXNativeTarget "PersistTests" */ = {
			isa = XCConfigurationList;
			buildConfigurations = (
				234311C01AC794B000A7B570 /* Debug */,
				234311C11AC794B000A7B570 /* Release */,
			);
			defaultConfigurationIsVisible = 0;
			defaultConfigurationName = Release;
		};
/* End XCConfigurationList section */
	};
	rootObject = 234311971AC794B000A7B570 /* Project object */;
}
